# This file is automatically @generated by Cargo.
# It is not intended for manual editing.
[[package]]
name = "lazy_static"
version = "1.4.0"
source = "registry+https://github.com/rust-lang/crates.io-index"

[[package]]
name = "libc"
version = "0.2.66"
source = "registry+https://github.com/rust-lang/crates.io-index"

[[package]]
name = "physical-computing"
version = "0.1.0"
dependencies = [
 "rust_gpiozero 0.2.0 (registry+https://github.com/rust-lang/crates.io-index)",
]

[[package]]
name = "rppal"
version = "0.11.3"
source = "registry+https://github.com/rust-lang/crates.io-index"
dependencies = [
 "lazy_static 1.4.0 (registry+https://github.com/rust-lang/crates.io-index)",
 "libc 0.2.66 (registry+https://github.com/rust-lang/crates.io-index)",
]

[[package]]
name = "rust_gpiozero"
version = "0.2.0"
source = "registry+https://github.com/rust-lang/crates.io-index"
dependencies = [
 "rppal 0.11.3 (registry+https://github.com/rust-lang/crates.io-index)",
]

[metadata]
"checksum lazy_static 1.4.0 (registry+https://github.com/rust-lang/crates.io-index)" = "e2abad23fbc42b3700f2f279844dc832adb2b2eb069b2df918f455c4e18cc646"
"checksum libc 0.2.66 (registry+https://github.com/rust-lang/crates.io-index)" = "d515b1f41455adea1313a4a2ac8a8a477634fbae63cc6100e3aebb207ce61558"
"checksum rppal 0.11.3 (registry+https://github.com/rust-lang/crates.io-index)" = "137dbba1fb867daa27cda4c3cd6a11bca5bb5a1551f034cf9319b994846ddbe1"
"checksum rust_gpiozero 0.2.0 (registry+https://github.com/rust-lang/crates.io-index)" = "2de0e2fde7b1908026fcb13cff771d9cdb21d7e103220c3a6a9b62b4b8346fa8"
